// This lockfile was autogenerated by Pants. To regenerate, run:
//
//    pants generate-lockfiles --resolve=api
//
// --- BEGIN PANTS LOCKFILE METADATA: DO NOT EDIT OR REMOVE ---
// {
//   "version": 3,
//   "valid_for_interpreter_constraints": [
//     "CPython==3.10.*"
//   ],
//   "generated_with_requirements": [
//     "fastapi==0.104.0",
//     "requests==2.32.3",
//     "types-requests==2.32.0.20241016",
//     "uvicorn==0.24.0.post1"
//   ],
//   "manylinux": "manylinux2014",
//   "requirement_constraints": [],
//   "only_binary": [],
//   "no_binary": []
// }
// --- END PANTS LOCKFILE METADATA ---

{
  "allow_builds": true,
  "allow_prereleases": false,
  "allow_wheels": true,
  "build_isolation": true,
  "constraints": [],
  "excluded": [],
  "locked_resolves": [
    {
      "locked_requirements": [
        {
          "artifacts": [
            {
              "algorithm": "sha256",
              "hash": "1f02e8b43a8fbbc3f3e0d4f0f4bfc8131bcb4eebe8849b8e5c773f3a1c582a53",
              "url": "https://files.pythonhosted.org/packages/78/b6/6307fbef88d9b5ee7421e68d78a9f162e0da4900bc5f5793f6d3d0e34fb8/annotated_types-0.7.0-py3-none-any.whl"
            },
            {
              "algorithm": "sha256",
              "hash": "aff07c09a53a08bc8cfccb9c85b05f1aa9a2a6f23728d790723543408344ce89",
              "url": "https://files.pythonhosted.org/packages/ee/67/531ea369ba64dcff5ec9c3402f9f51bf748cec26dde048a2f973a4eea7f5/annotated_types-0.7.0.tar.gz"
            }
          ],
          "project_name": "annotated-types",
          "requires_dists": [
            "typing-extensions>=4.0.0; python_version < \"3.9\""
          ],
          "requires_python": ">=3.8",
          "version": "0.7.0"
        },
        {
          "artifacts": [
            {
              "algorithm": "sha256",
              "hash": "91dee416e570e92c64041bd18b900d1d6fa78dff7048769ce5ac5ddad004fbb5",
              "url": "https://files.pythonhosted.org/packages/19/24/44299477fe7dcc9cb58d0a57d5a7588d6af2ff403fdd2d47a246c91a3246/anyio-3.7.1-py3-none-any.whl"
            },
            {
              "algorithm": "sha256",
              "hash": "44a3c9aba0f5defa43261a8b3efb97891f2bd7d804e0e1f56419befa1adfc780",
              "url": "https://files.pythonhosted.org/packages/28/99/2dfd53fd55ce9838e6ff2d4dac20ce58263798bd1a0dbe18b3a9af3fcfce/anyio-3.7.1.tar.gz"
            }
          ],
          "project_name": "anyio",
          "requires_dists": [
            "Sphinx; extra == \"doc\"",
            "anyio[trio]; extra == \"test\"",
            "coverage[toml]>=4.5; extra == \"test\"",
            "exceptiongroup; python_version < \"3.11\"",
            "hypothesis>=4.0; extra == \"test\"",
            "idna>=2.8",
            "mock>=4; python_version < \"3.8\" and extra == \"test\"",
            "packaging; extra == \"doc\"",
            "psutil>=5.9; extra == \"test\"",
            "pytest-mock>=3.6.1; extra == \"test\"",
            "pytest>=7.0; extra == \"test\"",
            "sniffio>=1.1",
            "sphinx-autodoc-typehints>=1.2.0; extra == \"doc\"",
            "sphinx-rtd-theme>=1.2.2; extra == \"doc\"",
            "sphinxcontrib-jquery; extra == \"doc\"",
            "trio<0.22; extra == \"trio\"",
            "trustme; extra == \"test\"",
            "typing-extensions; python_version < \"3.8\"",
            "uvloop>=0.17; (python_version < \"3.12\" and platform_python_implementation == \"CPython\" and platform_system != \"Windows\") and extra == \"test\""
          ],
          "requires_python": ">=3.7",
          "version": "3.7.1"
        },
        {
          "artifacts": [
            {
              "algorithm": "sha256",
              "hash": "1275f7a45be9464efc1173084eaa30f866fe2e47d389406136d332ed4967ec56",
              "url": "https://files.pythonhosted.org/packages/a5/32/8f6669fc4798494966bf446c8c4a162e0b5d893dff088afddf76414f70e1/certifi-2024.12.14-py3-none-any.whl"
            },
            {
              "algorithm": "sha256",
              "hash": "b650d30f370c2b724812bee08008be0c4163b163ddaec3f2546c1caf65f191db",
              "url": "https://files.pythonhosted.org/packages/0f/bd/1d41ee578ce09523c81a15426705dd20969f5abf006d1afe8aeff0dd776a/certifi-2024.12.14.tar.gz"
            }
          ],
          "project_name": "certifi",
          "requires_dists": [],
          "requires_python": ">=3.6",
          "version": "2024.12.14"
        },
        {
          "artifacts": [
            {
              "algorithm": "sha256",
              "hash": "fe9f97feb71aa9896b81973a7bbada8c49501dc73e58a10fcef6663af95e5079",
              "url": "https://files.pythonhosted.org/packages/bf/9b/08c0432272d77b04803958a4598a51e2a4b51c06640af8b8f0f908c18bf2/charset_normalizer-3.4.0-py3-none-any.whl"
            },
            {
              "algorithm": "sha256",
              "hash": "5ed2e36c3e9b4f21dd9422f6893dec0abf2cca553af509b10cd630f878d3eb99",
              "url": "https://files.pythonhosted.org/packages/21/67/b4564d81f48042f520c948abac7079356e94b30cb8ffb22e747532cf469d/charset_normalizer-3.4.0-cp310-cp310-macosx_11_0_arm64.whl"
            },
            {
              "algorithm": "sha256",
              "hash": "0de7b687289d3c1b3e8660d0741874abe7888100efe14bd0f9fd7141bcbda92b",
              "url": "https://files.pythonhosted.org/packages/23/81/d7eef6a99e42c77f444fdd7bc894b0ceca6c3a95c51239e74a722039521c/charset_normalizer-3.4.0-cp310-cp310-macosx_10_9_x86_64.whl"
            },
            {
              "algorithm": "sha256",
              "hash": "136815f06a3ae311fae551c3df1f998a1ebd01ddd424aa5603a4336997629e95",
              "url": "https://files.pythonhosted.org/packages/3a/a4/8633b0fc1a2d1834d5393dafecce4a1cc56727bfd82b4dc18fc92f0d3cc3/charset_normalizer-3.4.0-cp310-cp310-musllinux_1_2_ppc64le.whl"
            },
            {
              "algorithm": "sha256",
              "hash": "79983512b108e4a164b9c8d34de3992f76d48cadc9554c9e60b43f308988aabe",
              "url": "https://files.pythonhosted.org/packages/3b/fd/e60a9d9fd967f4ad5a92810138192f825d77b4fa2a557990fd575a47695b/charset_normalizer-3.4.0-cp310-cp310-musllinux_1_2_x86_64.whl"
            },
            {
              "algorithm": "sha256",
              "hash": "14215b71a762336254351b00ec720a8e85cada43b987da5a042e4ce3e82bd68e",
              "url": "https://files.pythonhosted.org/packages/64/ea/69af161062166b5975ccbb0961fd2384853190c70786f288684490913bf5/charset_normalizer-3.4.0-cp310-cp310-musllinux_1_2_s390x.whl"
            },
            {
              "algorithm": "sha256",
              "hash": "1110e22af8ca26b90bd6364fe4c763329b0ebf1ee213ba32b68c73de5752323d",
              "url": "https://files.pythonhosted.org/packages/67/56/fa28c2c3e31217c4c52158537a2cf5d98a6c1e89d31faf476c89391cd16b/charset_normalizer-3.4.0-cp310-cp310-manylinux_2_17_ppc64le.manylinux2014_ppc64le.whl"
            },
            {
              "algorithm": "sha256",
              "hash": "4f9fc98dad6c2eaa32fc3af1417d95b5e3d08aff968df0cd320066def971f9a6",
              "url": "https://files.pythonhosted.org/packages/69/8b/825cc84cf13a28bfbcba7c416ec22bf85a9584971be15b21dd8300c65b7f/charset_normalizer-3.4.0-cp310-cp310-macosx_10_9_universal2.whl"
            },
            {
              "algorithm": "sha256",
              "hash": "27623ba66c183eca01bf9ff833875b459cad267aeeb044477fedac35e19ba907",
              "url": "https://files.pythonhosted.org/packages/73/8b/2102692cb6d7e9f03b9a33a710e0164cadfce312872e3efc7cfe22ed26b4/charset_normalizer-3.4.0-cp310-cp310-manylinux_2_5_i686.manylinux1_i686.manylinux_2_17_i686.manylinux2014_i686.whl"
            },
            {
              "algorithm": "sha256",
              "hash": "40d3ff7fc90b98c637bda91c89d51264a3dcf210cade3a2c6f838c7268d7a4ca",
              "url": "https://files.pythonhosted.org/packages/c2/72/12a7f0943dd71fb5b4e7b55c41327ac0a1663046a868ee4d0d8e9c369b85/charset_normalizer-3.4.0-cp310-cp310-manylinux_2_17_aarch64.manylinux2014_aarch64.whl"
            },
            {
              "algorithm": "sha256",
              "hash": "0b309d1747110feb25d7ed6b01afdec269c647d382c857ef4663bbe6ad95a912",
              "url": "https://files.pythonhosted.org/packages/c9/27/cde291783715b8ec30a61c810d0120411844bc4c23b50189b81188b273db/charset_normalizer-3.4.0-cp310-cp310-musllinux_1_2_i686.whl"
            },
            {
              "algorithm": "sha256",
              "hash": "f606a1881d2663630ea5b8ce2efe2111740df4b687bd78b34a8131baa007f79b",
              "url": "https://files.pythonhosted.org/packages/d8/96/cc2c1b5d994119ce9f088a9a0c3ebd489d360a2eb058e2c8049f27092847/charset_normalizer-3.4.0-cp310-cp310-musllinux_1_2_aarch64.whl"
            },
            {
              "algorithm": "sha256",
              "hash": "223217c3d4f82c3ac5e29032b3f1c2eb0fb591b72161f86d93f5719079dae93e",
              "url": "https://files.pythonhosted.org/packages/f2/4f/e1808dc01273379acc506d18f1504eb2d299bd4131743b9fc54d7be4df1e/charset_normalizer-3.4.0.tar.gz"
            },
            {
              "algorithm": "sha256",
              "hash": "7f683ddc7eedd742e2889d2bfb96d69573fde1d92fcb811979cdb7165bb9c7d3",
              "url": "https://files.pythonhosted.org/packages/f8/01/344ec40cf5d85c1da3c1f57566c59e0c9b56bcc5566c08804a95a6cc8257/charset_normalizer-3.4.0-cp310-cp310-manylinux_2_17_x86_64.manylinux2014_x86_64.whl"
            },
            {
              "algorithm": "sha256",
              "hash": "86f4e8cca779080f66ff4f191a685ced73d2f72d50216f7112185dc02b90b9b7",
              "url": "https://files.pythonhosted.org/packages/f9/d2/466a9be1f32d89eb1554cf84073a5ed9262047acee1ab39cbaefc19635d2/charset_normalizer-3.4.0-cp310-cp310-manylinux_2_17_s390x.manylinux2014_s390x.whl"
            }
          ],
          "project_name": "charset-normalizer",
          "requires_dists": [],
          "requires_python": ">=3.7.0",
          "version": "3.4.0"
        },
        {
          "artifacts": [
            {
              "algorithm": "sha256",
              "hash": "ae74fb96c20a0277a1d615f1e4d73c8414f5a98db8b799a7931d1582f3390c28",
              "url": "https://files.pythonhosted.org/packages/00/2e/d53fa4befbf2cfa713304affc7ca780ce4fc1fd8710527771b58311a3229/click-8.1.7-py3-none-any.whl"
            },
            {
              "algorithm": "sha256",
              "hash": "ca9853ad459e787e2192211578cc907e7594e294c7ccc834310722b41b9ca6de",
              "url": "https://files.pythonhosted.org/packages/96/d3/f04c7bfcf5c1862a2a5b845c6b2b360488cf47af55dfa79c98f6a6bf98b5/click-8.1.7.tar.gz"
            }
          ],
          "project_name": "click",
          "requires_dists": [
            "colorama; platform_system == \"Windows\"",
            "importlib-metadata; python_version < \"3.8\""
          ],
          "requires_python": ">=3.7",
          "version": "8.1.7"
        },
        {
          "artifacts": [
            {
              "algorithm": "sha256",
              "hash": "3111b9d131c238bec2f8f516e123e14ba243563fb135d3fe885990585aa7795b",
              "url": "https://files.pythonhosted.org/packages/02/cc/b7e31358aac6ed1ef2bb790a9746ac2c69bcb3c8588b41616914eb106eaf/exceptiongroup-1.2.2-py3-none-any.whl"
            },
            {
              "algorithm": "sha256",
              "hash": "47c2edf7c6738fafb49fd34290706d1a1a2f4d1c6df275526b62cbb4aa5393cc",
              "url": "https://files.pythonhosted.org/packages/09/35/2495c4ac46b980e4ca1f6ad6db102322ef3ad2410b79fdde159a4b0f3b92/exceptiongroup-1.2.2.tar.gz"
            }
          ],
          "project_name": "exceptiongroup",
          "requires_dists": [
            "pytest>=6; extra == \"test\""
          ],
          "requires_python": ">=3.7",
          "version": "1.2.2"
        },
        {
          "artifacts": [
            {
              "algorithm": "sha256",
              "hash": "456482c1178fb7beb2814b88e1885bc49f9a81f079665016feffe3e1c6a7663e",
              "url": "https://files.pythonhosted.org/packages/db/30/b8d323119c37e15b7fa639e65e0eb7d81eb675ba166ac83e695aad3bd321/fastapi-0.104.0-py3-none-any.whl"
            },
            {
              "algorithm": "sha256",
              "hash": "9c44de45693ae037b0c6914727a29c49a40668432b67c859a87851fc6a7b74c6",
              "url": "https://files.pythonhosted.org/packages/ef/b1/3dd43ad63d945d8a6c91294f834ca19efdabbc315e5f1190b1b20501647c/fastapi-0.104.0.tar.gz"
            }
          ],
          "project_name": "fastapi",
          "requires_dists": [
            "anyio<4.0.0,>=3.7.1",
            "email-validator>=2.0.0; extra == \"all\"",
            "httpx>=0.23.0; extra == \"all\"",
            "itsdangerous>=1.1.0; extra == \"all\"",
            "jinja2>=2.11.2; extra == \"all\"",
            "orjson>=3.2.1; extra == \"all\"",
            "pydantic!=1.8,!=1.8.1,!=2.0.0,!=2.0.1,!=2.1.0,<3.0.0,>=1.7.4",
            "pydantic-extra-types>=2.0.0; extra == \"all\"",
            "pydantic-settings>=2.0.0; extra == \"all\"",
            "python-multipart>=0.0.5; extra == \"all\"",
            "pyyaml>=5.3.1; extra == \"all\"",
            "starlette<0.28.0,>=0.27.0",
            "typing-extensions>=4.8.0",
            "ujson!=4.0.2,!=4.1.0,!=4.2.0,!=4.3.0,!=5.0.0,!=5.1.0,>=4.0.1; extra == \"all\"",
            "uvicorn[standard]>=0.12.0; extra == \"all\""
          ],
          "requires_python": ">=3.8",
          "version": "0.104.0"
        },
        {
          "artifacts": [
            {
              "algorithm": "sha256",
              "hash": "e3fe4ac4b851c468cc8363d500db52c2ead036020723024a109d37346efaa761",
              "url": "https://files.pythonhosted.org/packages/95/04/ff642e65ad6b90db43e668d70ffb6736436c7ce41fcc549f4e9472234127/h11-0.14.0-py3-none-any.whl"
            },
            {
              "algorithm": "sha256",
              "hash": "8f19fbbe99e72420ff35c00b27a34cb9937e902a8b810e2c88300c6f0a3b699d",
              "url": "https://files.pythonhosted.org/packages/f5/38/3af3d3633a34a3316095b39c8e8fb4853a28a536e55d347bd8d8e9a14b03/h11-0.14.0.tar.gz"
            }
          ],
          "project_name": "h11",
          "requires_dists": [
            "typing-extensions; python_version < \"3.8\""
          ],
          "requires_python": ">=3.7",
          "version": "0.14.0"
        },
        {
          "artifacts": [
            {
              "algorithm": "sha256",
              "hash": "946d195a0d259cbba61165e88e65941f16e9b36ea6ddb97f00452bae8b1287d3",
              "url": "https://files.pythonhosted.org/packages/76/c6/c88e154df9c4e1a2a66ccf0005a88dfb2650c1dffb6f5ce603dfbd452ce3/idna-3.10-py3-none-any.whl"
            },
            {
              "algorithm": "sha256",
              "hash": "12f65c9b470abda6dc35cf8e63cc574b1c52b11df2c86030af0ac09b01b13ea9",
              "url": "https://files.pythonhosted.org/packages/f1/70/7703c29685631f5a7590aa73f1f1d3fa9a380e654b86af429e0934a32f7d/idna-3.10.tar.gz"
            }
          ],
          "project_name": "idna",
          "requires_dists": [
            "flake8>=7.1.1; extra == \"all\"",
            "mypy>=1.11.2; extra == \"all\"",
            "pytest>=8.3.2; extra == \"all\"",
            "ruff>=0.6.2; extra == \"all\""
          ],
          "requires_python": ">=3.6",
          "version": "3.10"
        },
        {
          "artifacts": [
            {
              "algorithm": "sha256",
              "hash": "be04d85bbc7b65651c5f8e6b9976ed9c6f41782a55524cef079a34a0bb82144d",
              "url": "https://files.pythonhosted.org/packages/62/51/72c18c55cf2f46ff4f91ebcc8f75aa30f7305f3d726be3f4ebffb4ae972b/pydantic-2.10.3-py3-none-any.whl"
            },
            {
              "algorithm": "sha256",
              "hash": "cb5ac360ce894ceacd69c403187900a02c4b20b693a9dd1d643e1effab9eadf9",
              "url": "https://files.pythonhosted.org/packages/45/0f/27908242621b14e649a84e62b133de45f84c255eecb350ab02979844a788/pydantic-2.10.3.tar.gz"
            }
          ],
          "project_name": "pydantic",
          "requires_dists": [
            "annotated-types>=0.6.0",
            "email-validator>=2.0.0; extra == \"email\"",
            "pydantic-core==2.27.1",
            "typing-extensions>=4.12.2",
            "tzdata; (python_version >= \"3.9\" and platform_system == \"Windows\") and extra == \"timezone\""
          ],
          "requires_python": ">=3.8",
          "version": "2.10.3"
        },
        {
          "artifacts": [
            {
              "algorithm": "sha256",
              "hash": "af52d26579b308921b73b956153066481f064875140ccd1dfd4e77db89dbb12f",
              "url": "https://files.pythonhosted.org/packages/65/71/af01033d4e58484c3db1e5d13e751ba5e3d6b87cc3368533df4c50932c8b/pydantic_core-2.27.1-pp310-pypy310_pp73-musllinux_1_1_x86_64.whl"
            },
            {
              "algorithm": "sha256",
              "hash": "121ceb0e822f79163dd4699e4c54f5ad38b157084d97b34de8b232bcaad70278",
              "url": "https://files.pythonhosted.org/packages/01/72/59a70165eabbc93b1111d42df9ca016a4aa109409db04304829377947028/pydantic_core-2.27.1-cp310-cp310-manylinux_2_17_aarch64.manylinux2014_aarch64.whl"
            },
            {
              "algorithm": "sha256",
              "hash": "45d9c5eb9273aa50999ad6adc6be5e0ecea7e09dbd0d31bd0c65a55a2592ca08",
              "url": "https://files.pythonhosted.org/packages/02/1d/00f2e4626565b3b6d3690dab4d4fe1a26edd6a20e53749eb21ca892ef2df/pydantic_core-2.27.1-cp310-cp310-manylinux_2_17_x86_64.manylinux2014_x86_64.whl"
            },
            {
              "algorithm": "sha256",
              "hash": "19910754e4cc9c63bc1c7f6d73aa1cfee82f42007e407c0f413695c2f7ed777f",
              "url": "https://files.pythonhosted.org/packages/06/aa/6f1b2747f811a9c66b5ef39d7f02fbb200479784c75e98290d70004b1253/pydantic_core-2.27.1-pp310-pypy310_pp73-musllinux_1_1_aarch64.whl"
            },
            {
              "algorithm": "sha256",
              "hash": "655d7dd86f26cb15ce8a431036f66ce0318648f8853d709b4167786ec2fa4807",
              "url": "https://files.pythonhosted.org/packages/49/ec/557dd4ff5287ffffdf16a31d08d723de6762bb1b691879dc4423392309bc/pydantic_core-2.27.1-cp310-cp310-musllinux_1_1_aarch64.whl"
            },
            {
              "algorithm": "sha256",
              "hash": "a33cd6ad9017bbeaa9ed78a2e0752c5e250eafb9534f308e7a5f7849b0b1bfb4",
              "url": "https://files.pythonhosted.org/packages/53/5e/c32957a09cceb2af10d7642df45d1e3dbd8596061f700eac93b801de53c0/pydantic_core-2.27.1-cp310-cp310-manylinux_2_17_ppc64le.manylinux2014_ppc64le.whl"
            },
            {
              "algorithm": "sha256",
              "hash": "d950caa237bb1954f1b8c9227b5065ba6875ac9771bb8ec790d956a699b78676",
              "url": "https://files.pythonhosted.org/packages/61/20/da7059855225038c1c4326a840908cc7ca72c7198cb6addb8b92ec81c1d6/pydantic_core-2.27.1-pp310-pypy310_pp73-macosx_11_0_arm64.whl"
            },
            {
              "algorithm": "sha256",
              "hash": "5556470f1a2157031e676f776c2bc20acd34c1990ca5f7e56f1ebf938b9ab57c",
              "url": "https://files.pythonhosted.org/packages/6e/b2/610dbeb74d8d43921a7234555e4c091cb050a2bdb8cfea86d07791ce01c5/pydantic_core-2.27.1-cp310-cp310-musllinux_1_1_armv7l.whl"
            },
            {
              "algorithm": "sha256",
              "hash": "71a5e35c75c021aaf400ac048dacc855f000bdfed91614b4a726f7432f1f3d6a",
              "url": "https://files.pythonhosted.org/packages/6e/ce/60fd96895c09738648c83f3f00f595c807cb6735c70d3306b548cc96dd49/pydantic_core-2.27.1-cp310-cp310-macosx_10_12_x86_64.whl"
            },
            {
              "algorithm": "sha256",
              "hash": "e173486019cc283dc9778315fa29a363579372fe67045e971e89b6365cc035ed",
              "url": "https://files.pythonhosted.org/packages/7a/d2/8ce2b074d6835f3c88d85f6d8a399790043e9fdb3d0e43455e72d19df8cc/pydantic_core-2.27.1-pp310-pypy310_pp73-musllinux_1_1_armv7l.whl"
            },
            {
              "algorithm": "sha256",
              "hash": "4603137322c18eaf2e06a4495f426aa8d8388940f3c457e7548145011bb68e05",
              "url": "https://files.pythonhosted.org/packages/7c/0c/24841136476adafd26f94b45bb718a78cb0500bd7b4f8d667b67c29d7b0d/pydantic_core-2.27.1-cp310-cp310-manylinux_2_17_armv7l.manylinux2014_armv7l.whl"
            },
            {
              "algorithm": "sha256",
              "hash": "3fa80ac2bd5856580e242dbc202db873c60a01b20309c8319b5c5986fbe53ce6",
              "url": "https://files.pythonhosted.org/packages/7c/60/e5eb2d462595ba1f622edbe7b1d19531e510c05c405f0b87c80c1e89d5b1/pydantic_core-2.27.1-pp310-pypy310_pp73-macosx_10_12_x86_64.whl"
            },
            {
              "algorithm": "sha256",
              "hash": "f69ed81ab24d5a3bd93861c8c4436f54afdf8e8cc421562b0c7504cf3be58206",
              "url": "https://files.pythonhosted.org/packages/8c/7f/4bf8e9d26a9118521c80b229291fa9558a07cdd9a968ec2d5c1026f14fbc/pydantic_core-2.27.1-cp310-cp310-musllinux_1_1_x86_64.whl"
            },
            {
              "algorithm": "sha256",
              "hash": "0e4216e64d203e39c62df627aa882f02a2438d18a5f21d7f721621f7a5d3611d",
              "url": "https://files.pythonhosted.org/packages/8f/fc/5485cf0b0bb38da31d1d292160a4d123b5977841ddc1122c671a30b76cfd/pydantic_core-2.27.1-pp310-pypy310_pp73-manylinux_2_17_aarch64.manylinux2014_aarch64.whl"
            },
            {
              "algorithm": "sha256",
              "hash": "8bf7b66ce12a2ac52d16f776b31d16d91033150266eb796967a7e4621707e4f6",
              "url": "https://files.pythonhosted.org/packages/9d/46/3112621204128b90898adc2e721a3cd6cf5626504178d6f32c33b5a43b79/pydantic_core-2.27.1-cp310-cp310-manylinux_2_5_i686.manylinux1_i686.whl"
            },
            {
              "algorithm": "sha256",
              "hash": "02a3d637bd387c41d46b002f0e49c52642281edacd2740e5a42f7017feea3f2c",
              "url": "https://files.pythonhosted.org/packages/a1/ff/fb1284a210e13a5f34c639efc54d51da136074ffbe25ec0c279cf9fbb1c4/pydantic_core-2.27.1-pp310-pypy310_pp73-manylinux_2_17_x86_64.manylinux2014_x86_64.whl"
            },
            {
              "algorithm": "sha256",
              "hash": "62a763352879b84aa31058fc931884055fd75089cccbd9d58bb6afd01141b235",
              "url": "https://files.pythonhosted.org/packages/a6/9f/7de1f19b6aea45aeb441838782d68352e71bfa98ee6fa048d5041991b33e/pydantic_core-2.27.1.tar.gz"
            },
            {
              "algorithm": "sha256",
              "hash": "15cc53a3179ba0fcefe1e3ae50beb2784dede4003ad2dfd24f81bba4b23a454f",
              "url": "https://files.pythonhosted.org/packages/e4/8f/979ab3eccd118b638cd6d8f980fea8794f45018255a36044dea40fe579d4/pydantic_core-2.27.1-cp310-cp310-manylinux_2_17_s390x.manylinux2014_s390x.whl"
            },
            {
              "algorithm": "sha256",
              "hash": "161c27ccce13b6b0c8689418da3885d3220ed2eae2ea5e9b2f7f3d48f1d52c27",
              "url": "https://files.pythonhosted.org/packages/f1/14/77c1887a182d05af74f6aeac7b740da3a74155d3093ccc7ee10b900cc6b5/pydantic_core-2.27.1-pp310-pypy310_pp73-manylinux_2_5_i686.manylinux1_i686.whl"
            },
            {
              "algorithm": "sha256",
              "hash": "f82d068a2d6ecfc6e054726080af69a6764a10015467d7d7b9f66d6ed5afa23b",
              "url": "https://files.pythonhosted.org/packages/fd/b9/84623d6b6be98cc209b06687d9bca5a7b966ffed008d15225dd0d20cce2e/pydantic_core-2.27.1-cp310-cp310-macosx_11_0_arm64.whl"
            }
          ],
          "project_name": "pydantic-core",
          "requires_dists": [
            "typing-extensions!=4.7.0,>=4.6.0"
          ],
          "requires_python": ">=3.8",
          "version": "2.27.1"
        },
        {
          "artifacts": [
            {
              "algorithm": "sha256",
              "hash": "70761cfe03c773ceb22aa2f671b4757976145175cdfca038c02654d061d6dcc6",
              "url": "https://files.pythonhosted.org/packages/f9/9b/335f9764261e915ed497fcdeb11df5dfd6f7bf257d4a6a2a686d80da4d54/requests-2.32.3-py3-none-any.whl"
            },
            {
              "algorithm": "sha256",
              "hash": "55365417734eb18255590a9ff9eb97e9e1da868d4ccd6402399eaf68af20a760",
              "url": "https://files.pythonhosted.org/packages/63/70/2bf7780ad2d390a8d301ad0b550f1581eadbd9a20f896afe06353c2a2913/requests-2.32.3.tar.gz"
            }
          ],
          "project_name": "requests",
          "requires_dists": [
            "PySocks!=1.5.7,>=1.5.6; extra == \"socks\"",
            "certifi>=2017.4.17",
            "chardet<6,>=3.0.2; extra == \"use-chardet-on-py3\"",
            "charset-normalizer<4,>=2",
            "idna<4,>=2.5",
            "urllib3<3,>=1.21.1"
          ],
          "requires_python": ">=3.8",
          "version": "2.32.3"
        },
        {
          "artifacts": [
            {
              "algorithm": "sha256",
              "hash": "2f6da418d1f1e0fddd844478f41680e794e6051915791a034ff65e5f100525a2",
              "url": "https://files.pythonhosted.org/packages/e9/44/75a9c9421471a6c4805dbf2356f7c181a29c1879239abab1ea2cc8f38b40/sniffio-1.3.1-py3-none-any.whl"
            },
            {
              "algorithm": "sha256",
              "hash": "f4324edc670a0f49750a81b895f35c3adb843cca46f0530f79fc1babb23789dc",
              "url": "https://files.pythonhosted.org/packages/a2/87/a6771e1546d97e7e041b6ae58d80074f81b7d5121207425c964ddf5cfdbd/sniffio-1.3.1.tar.gz"
            }
          ],
          "project_name": "sniffio",
          "requires_dists": [],
          "requires_python": ">=3.7",
          "version": "1.3.1"
        },
        {
          "artifacts": [
            {
              "algorithm": "sha256",
              "hash": "918416370e846586541235ccd38a474c08b80443ed31c578a418e2209b3eef91",
              "url": "https://files.pythonhosted.org/packages/58/f8/e2cca22387965584a409795913b774235752be4176d276714e15e1a58884/starlette-0.27.0-py3-none-any.whl"
            },
            {
              "algorithm": "sha256",
              "hash": "6a6b0d042acb8d469a01eba54e9cda6cbd24ac602c4cd016723117d6a7e73b75",
              "url": "https://files.pythonhosted.org/packages/06/68/559bed5484e746f1ab2ebbe22312f2c25ec62e4b534916d41a8c21147bf8/starlette-0.27.0.tar.gz"
            }
          ],
          "project_name": "starlette",
          "requires_dists": [
            "anyio<5,>=3.4.0",
            "httpx>=0.22.0; extra == \"full\"",
            "itsdangerous; extra == \"full\"",
            "jinja2; extra == \"full\"",
            "python-multipart; extra == \"full\"",
            "pyyaml; extra == \"full\"",
            "typing-extensions>=3.10.0; python_version < \"3.10\""
          ],
          "requires_python": ">=3.7",
          "version": "0.27.0"
        },
        {
          "artifacts": [
            {
              "algorithm": "sha256",
              "hash": "4195d62d6d3e043a4eaaf08ff8a62184584d2e8684e9d2aa178c7915a7da3747",
              "url": "https://files.pythonhosted.org/packages/d7/01/485b3026ff90e5190b5e24f1711522e06c79f4a56c8f4b95848ac072e20f/types_requests-2.32.0.20241016-py3-none-any.whl"
            },
            {
              "algorithm": "sha256",
              "hash": "0d9cad2f27515d0e3e3da7134a1b6f28fb97129d86b867f24d9c726452634d95",
              "url": "https://files.pythonhosted.org/packages/fa/3c/4f2a430c01a22abd49a583b6b944173e39e7d01b688190a5618bd59a2e22/types-requests-2.32.0.20241016.tar.gz"
            }
          ],
          "project_name": "types-requests",
          "requires_dists": [
            "urllib3>=2"
          ],
          "requires_python": ">=3.8",
          "version": "2.32.0.20241016"
        },
        {
          "artifacts": [
            {
              "algorithm": "sha256",
              "hash": "04e5ca0351e0f3f85c6853954072df659d0d13fac324d0072316b67d7794700d",
              "url": "https://files.pythonhosted.org/packages/26/9f/ad63fc0248c5379346306f8668cda6e2e2e9c95e01216d2b8ffd9ff037d0/typing_extensions-4.12.2-py3-none-any.whl"
            },
            {
              "algorithm": "sha256",
              "hash": "1a7ead55c7e559dd4dee8856e3a88b41225abfe1ce8df57b7c13915fe121ffb8",
              "url": "https://files.pythonhosted.org/packages/df/db/f35a00659bc03fec321ba8bce9420de607a1d37f8342eee1863174c69557/typing_extensions-4.12.2.tar.gz"
            }
          ],
          "project_name": "typing-extensions",
          "requires_dists": [],
          "requires_python": ">=3.8",
          "version": "4.12.2"
        },
        {
          "artifacts": [
            {
              "algorithm": "sha256",
              "hash": "ca899ca043dcb1bafa3e262d73aa25c465bfb49e0bd9dd5d59f1d0acba2f8fac",
              "url": "https://files.pythonhosted.org/packages/ce/d9/5f4c13cecde62396b0d3fe530a50ccea91e7dfc1ccf0e09c228841bb5ba8/urllib3-2.2.3-py3-none-any.whl"
            },
            {
              "algorithm": "sha256",
              "hash": "e7d814a81dad81e6caf2ec9fdedb284ecc9c73076b62654547cc64ccdcae26e9",
              "url": "https://files.pythonhosted.org/packages/ed/63/22ba4ebfe7430b76388e7cd448d5478814d3032121827c12a2cc287e2260/urllib3-2.2.3.tar.gz"
            }
          ],
          "project_name": "urllib3",
          "requires_dists": [
            "brotli>=1.0.9; platform_python_implementation == \"CPython\" and extra == \"brotli\"",
            "brotlicffi>=0.8.0; platform_python_implementation != \"CPython\" and extra == \"brotli\"",
            "h2<5,>=4; extra == \"h2\"",
            "pysocks!=1.5.7,<2.0,>=1.5.6; extra == \"socks\"",
            "zstandard>=0.18.0; extra == \"zstd\""
          ],
          "requires_python": ">=3.8",
          "version": "2.2.3"
        },
        {
          "artifacts": [
            {
              "algorithm": "sha256",
              "hash": "7c84fea70c619d4a710153482c0d230929af7bcf76c7bfa6de151f0a3a80121e",
              "url": "https://files.pythonhosted.org/packages/7e/17/4b7a76fffa7babf397481040d8aef2725b2b81ae19f1a31b5ca0c17d49e6/uvicorn-0.24.0.post1-py3-none-any.whl"
            },
            {
              "algorithm": "sha256",
              "hash": "09c8e5a79dc466bdf28dead50093957db184de356fcdc48697bad3bde4c2588e",
              "url": "https://files.pythonhosted.org/packages/e5/84/d43ce8fe6b31a316ef0ed04ea0d58cab981bdf7f17f8423491fa8b4f50b6/uvicorn-0.24.0.post1.tar.gz"
            }
          ],
          "project_name": "uvicorn",
          "requires_dists": [
            "click>=7.0",
            "colorama>=0.4; sys_platform == \"win32\" and extra == \"standard\"",
            "h11>=0.8",
            "httptools>=0.5.0; extra == \"standard\"",
            "python-dotenv>=0.13; extra == \"standard\"",
            "pyyaml>=5.1; extra == \"standard\"",
            "typing-extensions>=4.0; python_version < \"3.11\"",
            "uvloop!=0.15.0,!=0.15.1,>=0.14.0; sys_platform != \"win32\" and (sys_platform != \"cygwin\" and platform_python_implementation != \"PyPy\") and extra == \"standard\"",
            "watchfiles>=0.13; extra == \"standard\"",
            "websockets>=10.4; extra == \"standard\""
          ],
          "requires_python": ">=3.8",
          "version": "0.24.0.post1"
        }
      ],
      "platform_tag": null
    }
  ],
  "only_builds": [],
  "only_wheels": [],
  "overridden": [],
  "path_mappings": {},
  "pex_version": "2.16.2",
  "pip_version": "24.0",
  "prefer_older_binary": false,
  "requirements": [
    "fastapi==0.104.0",
    "requests==2.32.3",
    "types-requests==2.32.0.20241016",
    "uvicorn==0.24.0.post1"
  ],
  "requires_python": [
    "==3.10.*"
  ],
  "resolver_version": "pip-2020-resolver",
  "style": "universal",
  "target_systems": [
    "linux",
    "mac"
  ],
  "transitive": true,
  "use_pep517": null
}
